// !$*UTF8*$!
{
	archiveVersion = 1;
	classes = {
	};
	objectVersion = 46;
	objects = {

/* Begin PBXBuildFile section */
		D2557AF61E83F1FB003D6413 /* Constants.swift in Sources */ = {isa = PBXBuildFile; fileRef = D2557AF51E83F1FB003D6413 /* Constants.swift */; };
		D277DAF61E83AFE50056F7A3 /* AppDelegate.swift in Sources */ = {isa = PBXBuildFile; fileRef = D277DAF51E83AFE50056F7A3 /* AppDelegate.swift */; };
		D277DAFB1E83AFE60056F7A3 /* Main.storyboard in Resources */ = {isa = PBXBuildFile; fileRef = D277DAF91E83AFE60056F7A3 /* Main.storyboard */; };
		D277DAFD1E83AFE60056F7A3 /* Assets.xcassets in Resources */ = {isa = PBXBuildFile; fileRef = D277DAFC1E83AFE60056F7A3 /* Assets.xcassets */; };
		D277DB001E83AFE60056F7A3 /* LaunchScreen.storyboard in Resources */ = {isa = PBXBuildFile; fileRef = D277DAFE1E83AFE60056F7A3 /* LaunchScreen.storyboard */; };
		D277DB0C1E83C0750056F7A3 /* TRCollectionViewController.swift in Sources */ = {isa = PBXBuildFile; fileRef = D277DB0B1E83C0750056F7A3 /* TRCollectionViewController.swift */; };
		EE08060D5FB9A55326E4A95C /* Pods_snapchatDiscover.framework in Frameworks */ = {isa = PBXBuildFile; fileRef = 02841290F705DDC7F2269FFD /* Pods_snapchatDiscover.framework */; };
/* End PBXBuildFile section */

/* Begin PBXFileReference section */
		02841290F705DDC7F2269FFD /* Pods_snapchatDiscover.framework */ = {isa = PBXFileReference; explicitFileType = wrapper.framework; includeInIndex = 0; path = Pods_snapchatDiscover.framework; sourceTree = BUILT_PRODUCTS_DIR; };
		AFE7F137C8B7D92C6EDDA401 /* Pods-snapchatDiscover.debug.xcconfig */ = {isa = PBXFileReference; includeInIndex = 1; lastKnownFileType = text.xcconfig; name = "Pods-snapchatDiscover.debug.xcconfig"; path = "Pods/Target Support Files/Pods-snapchatDiscover/Pods-snapchatDiscover.debug.xcconfig"; sourceTree = "<group>"; };
		CF42769F03B3DCAE111C1D7F /* Pods-snapchatDiscover.release.xcconfig */ = {isa = PBXFileReference; includeInIndex = 1; lastKnownFileType = text.xcconfig; name = "Pods-snapchatDiscover.release.xcconfig"; path = "Pods/Target Support Files/Pods-snapchatDiscover/Pods-snapchatDiscover.release.xcconfig"; sourceTree = "<group>"; };
		D2557AF51E83F1FB003D6413 /* Constants.swift */ = {isa = PBXFileReference; fileEncoding = 4; lastKnownFileType = sourcecode.swift; path = Constants.swift; sourceTree = "<group>"; };
		D277DAF21E83AFE50056F7A3 /* snapchatDiscover.app */ = {isa = PBXFileReference; explicitFileType = wrapper.application; includeInIndex = 0; path = snapchatDiscover.app; sourceTree = BUILT_PRODUCTS_DIR; };
		D277DAF51E83AFE50056F7A3 /* AppDelegate.swift */ = {isa = PBXFileReference; lastKnownFileType = sourcecode.swift; path = AppDelegate.swift; sourceTree = "<group>"; };
		D277DAFA1E83AFE60056F7A3 /* Base */ = {isa = PBXFileReference; lastKnownFileType = file.storyboard; name = Base; path = Base.lproj/Main.storyboard; sourceTree = "<group>"; };
		D277DAFC1E83AFE60056F7A3 /* Assets.xcassets */ = {isa = PBXFileReference; lastKnownFileType = folder.assetcatalog; path = Assets.xcassets; sourceTree = "<group>"; };
		D277DAFF1E83AFE60056F7A3 /* Base */ = {isa = PBXFileReference; lastKnownFileType = file.storyboard; name = Base; path = Base.lproj/LaunchScreen.storyboard; sourceTree = "<group>"; };
		D277DB011E83AFE60056F7A3 /* Info.plist */ = {isa = PBXFileReference; lastKnownFileType = text.plist.xml; path = Info.plist; sourceTree = "<group>"; };
		D277DB0B1E83C0750056F7A3 /* TRCollectionViewController.swift */ = {isa = PBXFileReference; fileEncoding = 4; lastKnownFileType = sourcecode.swift; path = TRCollectionViewController.swift; sourceTree = "<group>"; };
/* End PBXFileReference section */

/* Begin PBXFrameworksBuildPhase section */
		D277DAEF1E83AFE50056F7A3 /* Frameworks */ = {
			isa = PBXFrameworksBuildPhase;
			buildActionMask = 2147483647;
			files = (
				EE08060D5FB9A55326E4A95C /* Pods_snapchatDiscover.framework in Frameworks */,
			);
			runOnlyForDeploymentPostprocessing = 0;
		};
/* End PBXFrameworksBuildPhase section */

/* Begin PBXGroup section */
		1771D721313C2D81341C6FB3 /* Pods */ = {
			isa = PBXGroup;
			children = (
				AFE7F137C8B7D92C6EDDA401 /* Pods-snapchatDiscover.debug.xcconfig */,
				CF42769F03B3DCAE111C1D7F /* Pods-snapchatDiscover.release.xcconfig */,
			);
			name = Pods;
			sourceTree = "<group>";
		};
		D0348A3E7C26756D31374AF8 /* Frameworks */ = {
			isa = PBXGroup;
			children = (
				02841290F705DDC7F2269FFD /* Pods_snapchatDiscover.framework */,
			);
			name = Frameworks;
			sourceTree = "<group>";
		};
		D277DAE91E83AFE50056F7A3 = {
			isa = PBXGroup;
			children = (
				D277DAF41E83AFE50056F7A3 /* snapchatDiscover */,
				D277DAF31E83AFE50056F7A3 /* Products */,
				1771D721313C2D81341C6FB3 /* Pods */,
				D0348A3E7C26756D31374AF8 /* Frameworks */,
			);
			sourceTree = "<group>";
		};
		D277DAF31E83AFE50056F7A3 /* Products */ = {
			isa = PBXGroup;
			children = (
				D277DAF21E83AFE50056F7A3 /* snapchatDiscover.app */,
			);
			name = Products;
			sourceTree = "<group>";
		};
		D277DAF41E83AFE50056F7A3 /* snapchatDiscover */ = {
			isa = PBXGroup;
			children = (
				D277DAF51E83AFE50056F7A3 /* AppDelegate.swift */,
				D277DAF91E83AFE60056F7A3 /* Main.storyboard */,
				D277DAFC1E83AFE60056F7A3 /* Assets.xcassets */,
				D277DAFE1E83AFE60056F7A3 /* LaunchScreen.storyboard */,
				D277DB011E83AFE60056F7A3 /* Info.plist */,
				D277DB0B1E83C0750056F7A3 /* TRCollectionViewController.swift */,
				D2557AF51E83F1FB003D6413 /* Constants.swift */,
			);
			path = snapchatDiscover;
			sourceTree = "<group>";
		};
/* End PBXGroup section */

/* Begin PBXNativeTarget section */
		D277DAF11E83AFE50056F7A3 /* snapchatDiscover */ = {
			isa = PBXNativeTarget;
			buildConfigurationList = D277DB041E83AFE60056F7A3 /* Build configuration list for PBXNativeTarget "snapchatDiscover" */;
			buildPhases = (
				DDB837FED038A57168C870DB /* [CP] Check Pods Manifest.lock */,
				D277DAEE1E83AFE50056F7A3 /* Sources */,
				D277DAEF1E83AFE50056F7A3 /* Frameworks */,
				D277DAF01E83AFE50056F7A3 /* Resources */,
				17CFF6F65B1CE3A23B697933 /* [CP] Embed Pods Frameworks */,
				9CCCE894694B32DEBAAD1BE5 /* [CP] Copy Pods Resources */,
			);
			buildRules = (
			);
			dependencies = (
			);
			name = snapchatDiscover;
			productName = snapchatDiscover;
			productReference = D277DAF21E83AFE50056F7A3 /* snapchatDiscover.app */;
			productType = "com.apple.product-type.application";
		};
/* End PBXNativeTarget section */

/* Begin PBXProject section */
		D277DAEA1E83AFE50056F7A3 /* Project object */ = {
			isa = PBXProject;
			attributes = {
				LastSwiftUpdateCheck = 0820;
				LastUpgradeCheck = 0820;
				ORGANIZATIONNAME = "Vladimir Valter";
				TargetAttributes = {
					D277DAF11E83AFE50056F7A3 = {
						CreatedOnToolsVersion = 8.2.1;
						DevelopmentTeam = 9F99Z2TAVG;
						ProvisioningStyle = Automatic;
					};
				};
			};
			buildConfigurationList = D277DAED1E83AFE50056F7A3 /* Build configuration list for PBXProject "snapchatDiscover" */;
			compatibilityVersion = "Xcode 3.2";
			developmentRegion = English;
			hasScannedForEncodings = 0;
			knownRegions = (
				en,
				Base,
			);
			mainGroup = D277DAE91E83AFE50056F7A3;
			productRefGroup = D277DAF31E83AFE50056F7A3 /* Products */;
			projectDirPath = "";
			projectRoot = "";
			targets = (
				D277DAF11E83AFE50056F7A3 /* snapchatDiscover */,
			);
		};
/* End PBXProject section */

/* Begin PBXResourcesBuildPhase section */
		D277DAF01E83AFE50056F7A3 /* Resources */ = {
			isa = PBXResourcesBuildPhase;
			buildActionMask = 2147483647;
			files = (
				D277DB001E83AFE60056F7A3 /* LaunchScreen.storyboard in Resources */,
				D277DAFD1E83AFE60056F7A3 /* Assets.xcassets in Resources */,
				D277DAFB1E83AFE60056F7A3 /* Main.storyboard in Resources */,
			);
			runOnlyForDeploymentPostprocessing = 0;
		};
/* End PBXResourcesBuildPhase section */

/* Begin PBXShellScriptBuildPhase section */
		17CFF6F65B1CE3A23B697933 /* [CP] Embed Pods Frameworks */ = {
			isa = PBXShellScriptBuildPhase;
			buildActionMask = 2147483647;
			files = (
			);
			inputPaths = (
			);
			name = "[CP] Embed Pods Frameworks";
			outputPaths = (
			);
			runOnlyForDeploymentPostprocessing = 0;
			shellPath = /bin/sh;
			shellScript = "\"${SRCROOT}/Pods/Target Support Files/Pods-snapchatDiscover/Pods-snapchatDiscover-frameworks.sh\"\n";
			showEnvVarsInLog = 0;
		};
		9CCCE894694B32DEBAAD1BE5 /* [CP] Copy Pods Resources */ = {
			isa = PBXShellScriptBuildPhase;
			buildActionMask = 2147483647;
			files = (
			);
			inputPaths = (
			);
			name = "[CP] Copy Pods Resources";
			outputPaths = (
			);
			runOnlyForDeploymentPostprocessing = 0;
			shellPath = /bin/sh;
			shellScript = "\"${SRCROOT}/Pods/Target Support Files/Pods-snapchatDiscover/Pods-snapchatDiscover-resources.sh\"\n";
			showEnvVarsInLog = 0;
		};
		DDB837FED038A57168C870DB /* [CP] Check Pods Manifest.lock */ = {
			isa = PBXShellScriptBuildPhase;
			buildActionMask = 2147483647;
			files = (
			);
			inputPaths = (
			);
			name = "[CP] Check Pods Manifest.lock";
			outputPaths = (
			);
			runOnlyForDeploymentPostprocessing = 0;
			shellPath = /bin/sh;
			shellScript = "diff \"${PODS_ROOT}/../Podfile.lock\" \"${PODS_ROOT}/Manifest.lock\" > /dev/null\nif [ $? != 0 ] ; then\n    # print error to STDERR\n    echo \"error: The sandbox is not in sync with the Podfile.lock. Run 'pod install' or update your CocoaPods installation.\" >&2\n    exit 1\nfi\n";
			showEnvVarsInLog = 0;
		};
/* End PBXShellScriptBuildPhase section */

/* Begin PBXSourcesBuildPhase section */
		D277DAEE1E83AFE50056F7A3 /* Sources */ = {
			isa = PBXSourcesBuildPhase;
			buildActionMask = 2147483647;
			files = (
				D277DB0C1E83C0750056F7A3 /* TRCollectionViewController.swift in Sources */,
				D277DAF61E83AFE50056F7A3 /* AppDelegate.swift in Sources */,
				D2557AF61E83F1FB003D6413 /* Constants.swift in Sources */,
			);
			runOnlyForDeploymentPostprocessing = 0;
		};
/* End PBXSourcesBuildPhase section */

/* Begin PBXVariantGroup section */
		D277DAF91E83AFE60056F7A3 /* Main.storyboard */ = {
			isa = PBXVariantGroup;
			children = (
				D277DAFA1E83AFE60056F7A3 /* Base */,
			);
			name = Main.storyboard;
			sourceTree = "<group>";
		};
		D277DAFE1E83AFE60056F7A3 /* LaunchScreen.storyboard */ = {
			isa = PBXVariantGroup;
			children = (
				D277DAFF1E83AFE60056F7A3 /* Base */,
			);
			name = LaunchScreen.storyboard;
			sourceTree = "<group>";
		};
/* End PBXVariantGroup section */

/* Begin XCBuildConfiguration section */
		D277DB021E83AFE60056F7A3 /* Debug */ = {
			isa = XCBuildConfiguration;
			buildSettings = {
				ALWAYS_SEARCH_USER_PATHS = NO;
				CLANG_ANALYZER_NONNULL = YES;
				CLANG_CXX_LANGUAGE_STANDARD = "gnu++0x";
				CLANG_CXX_LIBRARY = "libc++";
				CLANG_ENABLE_MODULES = YES;
				CLANG_ENABLE_OBJC_ARC = YES;
				CLANG_WARN_BOOL_CONVERSION = YES;
				CLANG_WARN_CONSTANT_CONVERSION = YES;
				CLANG_WARN_DIRECT_OBJC_ISA_USAGE = YES_ERROR;
				CLANG_WARN_DOCUMENTATION_COMMENTS = YES;
				CLANG_WARN_EMPTY_BODY = YES;
				CLANG_WARN_ENUM_CONVERSION = YES;
				CLANG_WARN_INFINITE_RECURSION = YES;
				CLANG_WARN_INT_CONVERSION = YES;
				CLANG_WARN_OBJC_ROOT_CLASS = YES_ERROR;
				CLANG_WARN_SUSPICIOUS_MOVE = YES;
				CLANG_WARN_UNREACHABLE_CODE = YES;
				CLANG_WARN__DUPLICATE_METHOD_MATCH = YES;
				"CODE_SIGN_IDENTITY[sdk=iphoneos*]" = "iPhone Developer";
				COPY_PHASE_STRIP = NO;
				DEBUG_INFORMATION_FORMAT = dwarf;
				ENABLE_STRICT_OBJC_MSGSEND = YES;
				ENABLE_TESTABILITY = YES;
				GCC_C_LANGUAGE_STANDARD = gnu99;
				GCC_DYNAMIC_NO_PIC = NO;
				GCC_NO_COMMON_BLOCKS = YES;
				GCC_OPTIMIZATION_LEVEL = 0;
				GCC_PREPROCESSOR_DEFINITIONS = (
					"DEBUG=1",
					"$(inherited)",
				);
				GCC_WARN_64_TO_32_BIT_CONVERSION = YES;
				GCC_WARN_ABOUT_RETURN_TYPE = YES_ERROR;
				GCC_WARN_UNDECLARED_SELECTOR = YES;
				GCC_WARN_UNINITIALIZED_AUTOS = YES_AGGRESSIVE;
				GCC_WARN_UNUSED_FUNCTION = YES;
				GCC_WARN_UNUSED_VARIABLE = YES;
				IPHONEOS_DEPLOYMENT_TARGET = 10.2;
				MTL_ENABLE_DEBUG_INFO = YES;
				ONLY_ACTIVE_ARCH = YES;
				SDKROOT = iphoneos;
				SWIFT_ACTIVE_COMPILATION_CONDITIONS = DEBUG;
				SWIFT_OPTIMIZATION_LEVEL = "-Onone";
			};
			name = Debug;
		};
		D277DB031E83AFE60056F7A3 /* Release */ = {
			isa = XCBuildConfiguration;
			buildSettings = {
				ALWAYS_SEARCH_USER_PATHS = NO;
				CLANG_ANALYZER_NONNULL = YES;
				CLANG_CXX_LANGUAGE_STANDARD = "gnu++0x";
				CLANG_CXX_LIBRARY = "libc++";
				CLANG_ENABLE_MODULES = YES;
				CLANG_ENABLE_OBJC_ARC = YES;
				CLANG_WARN_BOOL_CONVERSION = YES;
				CLANG_WARN_CONSTANT_CONVERSION = YES;
				CLANG_WARN_DIRECT_OBJC_ISA_USAGE = YES_ERROR;
				CLANG_WARN_DOCUMENTATION_COMMENTS = YES;
				CLANG_WARN_EMPTY_BODY = YES;
				CLANG_WARN_ENUM_CONVERSION = YES;
				CLANG_WARN_INFINITE_RECURSION = YES;
				CLANG_WARN_INT_CONVERSION = YES;
				CLANG_WARN_OBJC_ROOT_CLASS = YES_ERROR;
				CLANG_WARN_SUSPICIOUS_MOVE = YES;
				CLANG_WARN_UNREACHABLE_CODE = YES;
				CLANG_WARN__DUPLICATE_METHOD_MATCH = YES;
				"CODE_SIGN_IDENTITY[sdk=iphoneos*]" = "iPhone Developer";
				COPY_PHASE_STRIP = NO;
				DEBUG_INFORMATION_FORMAT = "dwarf-with-dsym";
				ENABLE_NS_ASSERTIONS = NO;
				ENABLE_STRICT_OBJC_MSGSEND = YES;
				GCC_C_LANGUAGE_STANDARD = gnu99;
				GCC_NO_COMMON_BLOCKS = YES;
				GCC_WARN_64_TO_32_BIT_CONVERSION = YES;
				GCC_WARN_ABOUT_RETURN_TYPE = YES_ERROR;
				GCC_WARN_UNDECLARED_SELECTOR = YES;
				GCC_WARN_UNINITIALIZED_AUTOS = YES_AGGRESSIVE;
				GCC_WARN_UNUSED_FUNCTION = YES;
				GCC_WARN_UNUSED_VARIABLE = YES;
				IPHONEOS_DEPLOYMENT_TARGET = 10.2;
				MTL_ENABLE_DEBUG_INFO = NO;
				SDKROOT = iphoneos;
				SWIFT_OPTIMIZATION_LEVEL = "-Owholemodule";
				VALIDATE_PRODUCT = YES;
			};
			name = Release;
		};
		D277DB051E83AFE60056F7A3 /* Debug */ = {
			isa = XCBuildConfiguration;
			baseConfigurationReference = AFE7F137C8B7D92C6EDDA401 /* Pods-snapchatDiscover.debug.xcconfig */;
			buildSettings = {
				ASSETCATALOG_COMPILER_APPICON_NAME = AppIcon;
				DEVELOPMENT_TEAM = 9F99Z2TAVG;
				INFOPLIST_FILE = snapchatDiscover/Info.plist;
				LD_RUNPATH_SEARCH_PATHS = "$(inherited) @executable_path/Frameworks";
				PRODUCT_BUNDLE_IDENTIFIER = com.valterapps.snapchatDiscover;
				PRODUCT_NAME = "$(TARGET_NAME)";
				SWIFT_VERSION = 3.0;
			};
			name = Debug;
		};
		D277DB061E83AFE60056F7A3 /* Release */ = {
			isa = XCBuildConfiguration;
			baseConfigurationReference = CF42769F03B3DCAE111C1D7F /* Pods-snapchatDiscover.release.xcconfig */;
			buildSettings = {
				ASSETCATALOG_COMPILER_APPICON_NAME = AppIcon;
				DEVELOPMENT_TEAM = 9F99Z2TAVG;
				INFOPLIST_FILE = snapchatDiscover/Info.plist;
				LD_RUNPATH_SEARCH_PATHS = "$(inherited) @executable_path/Frameworks";
				PRODUCT_BUNDLE_IDENTIFIER = com.valterapps.snapchatDiscover;
				PRODUCT_NAME = "$(TARGET_NAME)";
				SWIFT_VERSION = 3.0;
			};
			name = Release;
		};
/* End XCBuildConfiguration section */

/* Begin XCConfigurationList section */
		D277DAED1E83AFE50056F7A3 /* Build configuration list for PBXProject "snapchatDiscover" */ = {
			isa = XCConfigurationList;
			buildConfigurations = (
				D277DB021E83AFE60056F7A3 /* Debug */,
				D277DB031E83AFE60056F7A3 /* Release */,
			);
			defaultConfigurationIsVisible = 0;
			defaultConfigurationName = Release;
		};
		D277DB041E83AFE60056F7A3 /* Build configuration list for PBXNativeTarget "snapchatDiscover" */ = {
			isa = XCConfigurationList;
			buildConfigurations = (
				D277DB051E83AFE60056F7A3 /* Debug */,
				D277DB061E83AFE60056F7A3 /* Release */,
			);
			defaultConfigurationIsVisible = 0;
			defaultConfigurationName = Release;
		};
/* End XCConfigurationList section */
	};
	rootObject = D277DAEA1E83AFE50056F7A3 /* Project object */;
}
